
Microsoft Visual Studio Solution File, Format Version 12.00
# Visual Studio Version 16
VisualStudioVersion = 16.0.32929.386
MinimumVisualStudioVersion = 10.0.40219.1
Project("{FAE04EC0-301F-11D3-BF4B-00C04F79EFBC}") = "JsonParser", "JsonParser\JsonParser.csproj", "{1CD952EE-CB53-4338-93FD-4046D75C27C4}"
EndProject
Project("{2150E333-8FDC-42A3-9474-1A3956D46DE8}") = "Icons", "Icons", "{542DEE51-466C-4F71-9934-F5AE44EC910E}"
	ProjectSection(SolutionItems) = preProject
		..\..\ZNAK_ZELENI.ico = ..\..\ZNAK_ZELENI.ico
	EndProjectSection
EndProject
Global
	GlobalSection(SolutionConfigurationPlatforms) = preSolution
		Debug|Any CPU = Debug|Any CPU
		Release|Any CPU = Release|Any CPU
	EndGlobalSection
	GlobalSection(ProjectConfigurationPlatforms) = postSolution
		{1CD952EE-CB53-4338-93FD-4046D75C27C4}.Debug|Any CPU.ActiveCfg = Debug|Any CPU
		{1CD952EE-CB53-4338-93FD-4046D75C27C4}.Debug|Any CPU.Build.0 = Debug|Any CPU
		{1CD952EE-CB53-4338-93FD-4046D75C27C4}.Release|Any CPU.ActiveCfg = Release|Any CPU
		{1CD952EE-CB53-4338-93FD-4046D75C27C4}.Release|Any CPU.Build.0 = Release|Any CPU
	EndGlobalSection
	GlobalSection(SolutionProperties) = preSolution
		HideSolutionNode = FALSE
	EndGlobalSection
	GlobalSection(ExtensibilityGlobals) = postSolution
		SolutionGuid = {9CF40C23-0C0A-45DE-A25D-9B9A8ACFCED8}
	EndGlobalSection
EndGlobal
